
Microsoft Visual Studio Solution File, Format Version 12.00
# Visual Studio Version 17
VisualStudioVersion = 17.9.34714.143
MinimumVisualStudioVersion = 10.0.40219.1
Project("{FAE04EC0-301F-11D3-BF4B-00C04F79EFBC}") = "Gimnasio", "Gimnasio\Gimnasio.csproj", "{6FB7CDA7-AC4E-439E-AFF3-9E82C1BEFE18}"
EndProject
Global
	GlobalSection(SolutionConfigurationPlatforms) = preSolution
		Debug|Any CPU = Debug|Any CPU
		Release|Any CPU = Release|Any CPU
	EndGlobalSection
	GlobalSection(ProjectConfigurationPlatforms) = postSolution
		{6FB7CDA7-AC4E-439E-AFF3-9E82C1BEFE18}.Debug|Any CPU.ActiveCfg = Debug|Any CPU
		{6FB7CDA7-AC4E-439E-AFF3-9E82C1BEFE18}.Debug|Any CPU.Build.0 = Debug|Any CPU
		{6FB7CDA7-AC4E-439E-AFF3-9E82C1BEFE18}.Release|Any CPU.ActiveCfg = Release|Any CPU
		{6FB7CDA7-AC4E-439E-AFF3-9E82C1BEFE18}.Release|Any CPU.Build.0 = Release|Any CPU
	EndGlobalSection
	GlobalSection(SolutionProperties) = preSolution
		HideSolutionNode = FALSE
	EndGlobalSection
	GlobalSection(ExtensibilityGlobals) = postSolution
		SolutionGuid = {AF7D7694-4384-4430-A46C-1B8FE24C1399}
	EndGlobalSection
EndGlobal
